{
  "object": {
    "pins": [
      {
        "package": "Bouncer",
        "repositoryURL": "https://github.com/flintbox/Bouncer",
        "state": {
          "branch": null,
          "revision": "afc6b0cd73ec2e965fc0336fc65b5ca57686dba0",
          "version": "0.1.3"
        }
      }
    ]
  },
  "version": 1
}
